
Microsoft Visual Studio Solution File, Format Version 12.00
# Visual Studio Version 17
VisualStudioVersion = 17.7.34031.279
MinimumVisualStudioVersion = 10.0.40219.1
Project("{9A19103F-16F7-4668-BE54-9A1E7A4F7556}") = "GBES", "GBES.csproj", "{F8BBBF56-0609-4634-8683-03097816F0DD}"
EndProject
Project("{E24C65DC-7377-472B-9ABA-BC803B73C61A}") = "경북파일", "..\경북파일\", "{2A3AF5C4-0527-43D4-B20E-8EBC7418B1A9}"
	ProjectSection(WebsiteProperties) = preProject
		TargetFrameworkMoniker = ".NETFramework,Version%3Dv4.8"
		Debug.AspNetCompiler.VirtualPath = "/localhost_60963"
		Debug.AspNetCompiler.PhysicalPath = "..\경북파일\"
		Debug.AspNetCompiler.TargetPath = "PrecompiledWeb\localhost_60963\"
		Debug.AspNetCompiler.Updateable = "true"
		Debug.AspNetCompiler.ForceOverwrite = "true"
		Debug.AspNetCompiler.FixedNames = "false"
		Debug.AspNetCompiler.Debug = "True"
		Release.AspNetCompiler.VirtualPath = "/localhost_60963"
		Release.AspNetCompiler.PhysicalPath = "..\경북파일\"
		Release.AspNetCompiler.TargetPath = "PrecompiledWeb\localhost_60963\"
		Release.AspNetCompiler.Updateable = "true"
		Release.AspNetCompiler.ForceOverwrite = "true"
		Release.AspNetCompiler.FixedNames = "false"
		Release.AspNetCompiler.Debug = "False"
		VWDPort = "60963"
	EndProjectSection
	ProjectSection(WebsiteProperties) = preProject
		TargetFrameworkMoniker = ".NETFramework,Version%3Dv4.8"
		Debug.AspNetCompiler.VirtualPath = "/localhost_60963"
		Debug.AspNetCompiler.PhysicalPath = "..\경북파일\"
		Debug.AspNetCompiler.TargetPath = "PrecompiledWeb\localhost_60963\"
		Debug.AspNetCompiler.Updateable = "true"
		Debug.AspNetCompiler.ForceOverwrite = "true"
		Debug.AspNetCompiler.FixedNames = "false"
		Debug.AspNetCompiler.Debug = "True"
		Release.AspNetCompiler.VirtualPath = "/localhost_60963"
		Release.AspNetCompiler.PhysicalPath = "..\경북파일\"
		Release.AspNetCompiler.TargetPath = "PrecompiledWeb\localhost_60963\"
		Release.AspNetCompiler.Updateable = "true"
		Release.AspNetCompiler.ForceOverwrite = "true"
		Release.AspNetCompiler.FixedNames = "false"
		Release.AspNetCompiler.Debug = "False"
		VWDPort = "60963"
		SlnRelativePath = "..\경북파일\"
	EndProjectSection
EndProject
Global
	GlobalSection(SolutionConfigurationPlatforms) = preSolution
		Debug|Any CPU = Debug|Any CPU
		Release|Any CPU = Release|Any CPU
	EndGlobalSection
	GlobalSection(ProjectConfigurationPlatforms) = postSolution
		{F8BBBF56-0609-4634-8683-03097816F0DD}.Debug|Any CPU.ActiveCfg = Debug|Any CPU
		{F8BBBF56-0609-4634-8683-03097816F0DD}.Debug|Any CPU.Build.0 = Debug|Any CPU
		{F8BBBF56-0609-4634-8683-03097816F0DD}.Release|Any CPU.ActiveCfg = Release|Any CPU
		{F8BBBF56-0609-4634-8683-03097816F0DD}.Release|Any CPU.Build.0 = Release|Any CPU
		{2A3AF5C4-0527-43D4-B20E-8EBC7418B1A9}.Debug|Any CPU.ActiveCfg = Debug|Any CPU
		{2A3AF5C4-0527-43D4-B20E-8EBC7418B1A9}.Debug|Any CPU.Build.0 = Debug|Any CPU
		{2A3AF5C4-0527-43D4-B20E-8EBC7418B1A9}.Release|Any CPU.ActiveCfg = Debug|Any CPU
		{2A3AF5C4-0527-43D4-B20E-8EBC7418B1A9}.Release|Any CPU.Build.0 = Debug|Any CPU
	EndGlobalSection
	GlobalSection(SolutionProperties) = preSolution
		HideSolutionNode = FALSE
	EndGlobalSection
	GlobalSection(ExtensibilityGlobals) = postSolution
		SolutionGuid = {B6BA74EA-CF5E-4C29-BED1-03574B0F6F6C}
	EndGlobalSection
EndGlobal
